
Microsoft Visual Studio Solution File, Format Version 12.00
# Visual Studio Version 17
VisualStudioVersion = 17.11.35303.130
MinimumVisualStudioVersion = 10.0.40219.1
Project("{888888A0-9F3D-457C-B088-3A5042F75D52}") = "Cheetoh_Assignment11", "Cheetoh_Assignment11\Cheetoh_Assignment11.pyproj", "{0BEFA59D-CBC2-45BC-9BA0-439529E851CC}"
EndProject
Global
	GlobalSection(SolutionConfigurationPlatforms) = preSolution
		Debug|Any CPU = Debug|Any CPU
		Release|Any CPU = Release|Any CPU
	EndGlobalSection
	GlobalSection(ProjectConfigurationPlatforms) = postSolution
		{0BEFA59D-CBC2-45BC-9BA0-439529E851CC}.Debug|Any CPU.ActiveCfg = Debug|Any CPU
		{0BEFA59D-CBC2-45BC-9BA0-439529E851CC}.Release|Any CPU.ActiveCfg = Release|Any CPU
	EndGlobalSection
	GlobalSection(SolutionProperties) = preSolution
		HideSolutionNode = FALSE
	EndGlobalSection
	GlobalSection(ExtensibilityGlobals) = postSolution
		SolutionGuid = {B3D9A717-5D05-4F22-97AC-629E82E231DE}
	EndGlobalSection
EndGlobal
